
Microsoft Visual Studio Solution File, Format Version 12.00
# Visual Studio Version 17
VisualStudioVersion = 17.7.34024.191
MinimumVisualStudioVersion = 10.0.40219.1
Project("{FAE04EC0-301F-11D3-BF4B-00C04F79EFBC}") = "PowerPagesApiActivator.Plugin", "PowerPagesApiActivator.Plugin\PowerPagesApiActivator.Plugin.csproj", "{402707C3-A8BB-485B-B18F-0627C477536B}"
EndProject
Global
	GlobalSection(SolutionConfigurationPlatforms) = preSolution
		Debug|Any CPU = Debug|Any CPU
		Release|Any CPU = Release|Any CPU
	EndGlobalSection
	GlobalSection(ProjectConfigurationPlatforms) = postSolution
		{402707C3-A8BB-485B-B18F-0627C477536B}.Debug|Any CPU.ActiveCfg = Debug|Any CPU
		{402707C3-A8BB-485B-B18F-0627C477536B}.Debug|Any CPU.Build.0 = Debug|Any CPU
		{402707C3-A8BB-485B-B18F-0627C477536B}.Release|Any CPU.ActiveCfg = Release|Any CPU
		{402707C3-A8BB-485B-B18F-0627C477536B}.Release|Any CPU.Build.0 = Release|Any CPU
	EndGlobalSection
	GlobalSection(SolutionProperties) = preSolution
		HideSolutionNode = FALSE
	EndGlobalSection
	GlobalSection(ExtensibilityGlobals) = postSolution
		SolutionGuid = {D7F5E3E5-68EB-42B5-A29E-42489B303701}
	EndGlobalSection
EndGlobal
